
Microsoft Visual Studio Solution File, Format Version 12.00
# Visual Studio 15
VisualStudioVersion = 15.0.27130.0
MinimumVisualStudioVersion = 10.0.40219.1
Project("{FAE04EC0-301F-11D3-BF4B-00C04F79EFBC}") = "HepsiBuradaBot", "HepsiBuradaBot\HepsiBuradaBot.csproj", "{047DA9AA-EB49-4EB8-978B-AC1F2C3614B3}"
EndProject
Global
	GlobalSection(SolutionConfigurationPlatforms) = preSolution
		Debug|Any CPU = Debug|Any CPU
		Release|Any CPU = Release|Any CPU
	EndGlobalSection
	GlobalSection(ProjectConfigurationPlatforms) = postSolution
		{047DA9AA-EB49-4EB8-978B-AC1F2C3614B3}.Debug|Any CPU.ActiveCfg = Debug|Any CPU
		{047DA9AA-EB49-4EB8-978B-AC1F2C3614B3}.Debug|Any CPU.Build.0 = Debug|Any CPU
		{047DA9AA-EB49-4EB8-978B-AC1F2C3614B3}.Release|Any CPU.ActiveCfg = Release|Any CPU
		{047DA9AA-EB49-4EB8-978B-AC1F2C3614B3}.Release|Any CPU.Build.0 = Release|Any CPU
	EndGlobalSection
	GlobalSection(SolutionProperties) = preSolution
		HideSolutionNode = FALSE
	EndGlobalSection
	GlobalSection(ExtensibilityGlobals) = postSolution
		SolutionGuid = {0EA79BFE-FAD8-45E8-8CBD-26CFE7D73AB9}
	EndGlobalSection
EndGlobal
